
Microsoft Visual Studio Solution File, Format Version 12.00
# Visual Studio Version 17
VisualStudioVersion = 17.14.36127.28 d17.14
MinimumVisualStudioVersion = 10.0.40219.1
Project("{FAE04EC0-301F-11D3-BF4B-00C04F79EFBC}") = "DT_PODSystem", "DT_PODSystem\DT_PODSystem.csproj", "{4BA6832A-83D3-44B2-A67E-CE8D99D897E2}"
EndProject
Project("{FAE04EC0-301F-11D3-BF4B-00C04F79EFBC}") = "DT_PODSystemWorker", "DT_PODSystemWorker\DT_PODSystemWorker.csproj", "{98D88718-1C71-4684-BDDA-0EDEB52C7F30}"
EndProject
Global
	GlobalSection(SolutionConfigurationPlatforms) = preSolution
		Debug|Any CPU = Debug|Any CPU
		Release|Any CPU = Release|Any CPU
	EndGlobalSection
	GlobalSection(ProjectConfigurationPlatforms) = postSolution
		{4BA6832A-83D3-44B2-A67E-CE8D99D897E2}.Debug|Any CPU.ActiveCfg = Debug|Any CPU
		{4BA6832A-83D3-44B2-A67E-CE8D99D897E2}.Debug|Any CPU.Build.0 = Debug|Any CPU
		{4BA6832A-83D3-44B2-A67E-CE8D99D897E2}.Release|Any CPU.ActiveCfg = Release|Any CPU
		{4BA6832A-83D3-44B2-A67E-CE8D99D897E2}.Release|Any CPU.Build.0 = Release|Any CPU
		{98D88718-1C71-4684-BDDA-0EDEB52C7F30}.Debug|Any CPU.ActiveCfg = Debug|Any CPU
		{98D88718-1C71-4684-BDDA-0EDEB52C7F30}.Debug|Any CPU.Build.0 = Debug|Any CPU
		{98D88718-1C71-4684-BDDA-0EDEB52C7F30}.Release|Any CPU.ActiveCfg = Release|Any CPU
		{98D88718-1C71-4684-BDDA-0EDEB52C7F30}.Release|Any CPU.Build.0 = Release|Any CPU
	EndGlobalSection
	GlobalSection(SolutionProperties) = preSolution
		HideSolutionNode = FALSE
	EndGlobalSection
	GlobalSection(ExtensibilityGlobals) = postSolution
		SolutionGuid = {572BE9FB-188C-4673-9B0A-FEC139F00CAB}
	EndGlobalSection
EndGlobal
